// !$*UTF8*$!
{
	archiveVersion = 1;
	classes = {
	};
	objectVersion = 56;
	objects = {

/* Begin PBXBuildFile section */
		6EBF221C2D36BFF400EE9037 /* Color.swift in Sources */ = {isa = PBXBuildFile; fileRef = 6EBF221B2D36BFF300EE9037 /* Color.swift */; };
		6EBF221E2D36C06A00EE9037 /* String.swift in Sources */ = {isa = PBXBuildFile; fileRef = 6EBF221D2D36C06800EE9037 /* String.swift */; };
		6EBF22202D36D5C900EE9037 /* FileThumbnailView.swift in Sources */ = {isa = PBXBuildFile; fileRef = 6EBF221F2D36D5C900EE9037 /* FileThumbnailView.swift */; };
		6EBF22232D36D61900EE9037 /* GenerateFile.swift in Sources */ = {isa = PBXBuildFile; fileRef = 6EBF22222D36D61300EE9037 /* GenerateFile.swift */; };
		6EBF22272D36D6F800EE9037 /* OfflineNotes.entitlements in Sources */ = {isa = PBXBuildFile; fileRef = 703BF2CA2D338DC70085AB56 /* OfflineNotes.entitlements */; };
		703BF2C02D338DC40085AB56 /* OfflineNotesApp.swift in Sources */ = {isa = PBXBuildFile; fileRef = 703BF2BF2D338DC40085AB56 /* OfflineNotesApp.swift */; };
		703BF2C22D338DC40085AB56 /* Persistence.swift in Sources */ = {isa = PBXBuildFile; fileRef = 703BF2C12D338DC40085AB56 /* Persistence.swift */; };
		703BF2C52D338DC40085AB56 /* OfflineNotes.xcdatamodeld in Sources */ = {isa = PBXBuildFile; fileRef = 703BF2C32D338DC40085AB56 /* OfflineNotes.xcdatamodeld */; };
		703BF2C92D338DC70085AB56 /* Assets.xcassets in Resources */ = {isa = PBXBuildFile; fileRef = 703BF2C82D338DC70085AB56 /* Assets.xcassets */; };
		703BF2CD2D338DC70085AB56 /* Preview Assets.xcassets in Resources */ = {isa = PBXBuildFile; fileRef = 703BF2CC2D338DC70085AB56 /* Preview Assets.xcassets */; };
		703BF2D72D338DC80085AB56 /* OfflineNotesTests.swift in Sources */ = {isa = PBXBuildFile; fileRef = 703BF2D62D338DC80085AB56 /* OfflineNotesTests.swift */; };
		703BF2E12D338DC80085AB56 /* OfflineNotesUITests.swift in Sources */ = {isa = PBXBuildFile; fileRef = 703BF2E02D338DC80085AB56 /* OfflineNotesUITests.swift */; };
		703BF2E32D338DC80085AB56 /* OfflineNotesUITestsLaunchTests.swift in Sources */ = {isa = PBXBuildFile; fileRef = 703BF2E22D338DC80085AB56 /* OfflineNotesUITestsLaunchTests.swift */; };
		703BF2F12D3392290085AB56 /* CoreDataManager.swift in Sources */ = {isa = PBXBuildFile; fileRef = 703BF2F02D3392290085AB56 /* CoreDataManager.swift */; };
		703BF2F42D3392700085AB56 /* FolderViewModel.swift in Sources */ = {isa = PBXBuildFile; fileRef = 703BF2F32D3392700085AB56 /* FolderViewModel.swift */; };
		703BF2F72D3393810085AB56 /* FolderListView.swift in Sources */ = {isa = PBXBuildFile; fileRef = 703BF2F62D3393810085AB56 /* FolderListView.swift */; };
		703BF2F92D3393B00085AB56 /* AddFolderView.swift in Sources */ = {isa = PBXBuildFile; fileRef = 703BF2F82D3393B00085AB56 /* AddFolderView.swift */; };
		703BF2FB2D3394810085AB56 /* FolderDetailView.swift in Sources */ = {isa = PBXBuildFile; fileRef = 703BF2FA2D3394810085AB56 /* FolderDetailView.swift */; };
		703BF2FD2D3394D30085AB56 /* FileViewModel.swift in Sources */ = {isa = PBXBuildFile; fileRef = 703BF2FC2D3394D20085AB56 /* FileViewModel.swift */; };
		703BF3002D3395190085AB56 /* FilePicker.swift in Sources */ = {isa = PBXBuildFile; fileRef = 703BF2FF2D3395190085AB56 /* FilePicker.swift */; };
		703BF3022D33953D0085AB56 /* PhotoPicker.swift in Sources */ = {isa = PBXBuildFile; fileRef = 703BF3012D33953D0085AB56 /* PhotoPicker.swift */; };
/* End PBXBuildFile section */

/* Begin PBXContainerItemProxy section */
		703BF2D32D338DC80085AB56 /* PBXContainerItemProxy */ = {
			isa = PBXContainerItemProxy;
			containerPortal = 703BF2B42D338DC40085AB56 /* Project object */;
			proxyType = 1;
			remoteGlobalIDString = 703BF2BB2D338DC40085AB56;
			remoteInfo = OfflineNotes;
		};
		703BF2DD2D338DC80085AB56 /* PBXContainerItemProxy */ = {
			isa = PBXContainerItemProxy;
			containerPortal = 703BF2B42D338DC40085AB56 /* Project object */;
			proxyType = 1;
			remoteGlobalIDString = 703BF2BB2D338DC40085AB56;
			remoteInfo = OfflineNotes;
		};
/* End PBXContainerItemProxy section */

/* Begin PBXFileReference section */
		6EBF221B2D36BFF300EE9037 /* Color.swift */ = {isa = PBXFileReference; lastKnownFileType = sourcecode.swift; path = Color.swift; sourceTree = "<group>"; };
		6EBF221D2D36C06800EE9037 /* String.swift */ = {isa = PBXFileReference; lastKnownFileType = sourcecode.swift; path = String.swift; sourceTree = "<group>"; };
		6EBF221F2D36D5C900EE9037 /* FileThumbnailView.swift */ = {isa = PBXFileReference; lastKnownFileType = sourcecode.swift; path = FileThumbnailView.swift; sourceTree = "<group>"; };
		6EBF22222D36D61300EE9037 /* GenerateFile.swift */ = {isa = PBXFileReference; lastKnownFileType = sourcecode.swift; path = GenerateFile.swift; sourceTree = "<group>"; };
		703BF2BC2D338DC40085AB56 /* OfflineNotes.app */ = {isa = PBXFileReference; explicitFileType = wrapper.application; includeInIndex = 0; path = OfflineNotes.app; sourceTree = BUILT_PRODUCTS_DIR; };
		703BF2BF2D338DC40085AB56 /* OfflineNotesApp.swift */ = {isa = PBXFileReference; lastKnownFileType = sourcecode.swift; path = OfflineNotesApp.swift; sourceTree = "<group>"; };
		703BF2C12D338DC40085AB56 /* Persistence.swift */ = {isa = PBXFileReference; lastKnownFileType = sourcecode.swift; path = Persistence.swift; sourceTree = "<group>"; };
		703BF2C42D338DC40085AB56 /* OfflineNotes.xcdatamodel */ = {isa = PBXFileReference; lastKnownFileType = wrapper.xcdatamodel; path = OfflineNotes.xcdatamodel; sourceTree = "<group>"; };
		703BF2C82D338DC70085AB56 /* Assets.xcassets */ = {isa = PBXFileReference; lastKnownFileType = folder.assetcatalog; path = Assets.xcassets; sourceTree = "<group>"; };
		703BF2CA2D338DC70085AB56 /* OfflineNotes.entitlements */ = {isa = PBXFileReference; lastKnownFileType = text.plist.entitlements; path = OfflineNotes.entitlements; sourceTree = "<group>"; };
		703BF2CC2D338DC70085AB56 /* Preview Assets.xcassets */ = {isa = PBXFileReference; lastKnownFileType = folder.assetcatalog; path = "Preview Assets.xcassets"; sourceTree = "<group>"; };
		703BF2D22D338DC80085AB56 /* OfflineNotesTests.xctest */ = {isa = PBXFileReference; explicitFileType = wrapper.cfbundle; includeInIndex = 0; path = OfflineNotesTests.xctest; sourceTree = BUILT_PRODUCTS_DIR; };
		703BF2D62D338DC80085AB56 /* OfflineNotesTests.swift */ = {isa = PBXFileReference; lastKnownFileType = sourcecode.swift; path = OfflineNotesTests.swift; sourceTree = "<group>"; };
		703BF2DC2D338DC80085AB56 /* OfflineNotesUITests.xctest */ = {isa = PBXFileReference; explicitFileType = wrapper.cfbundle; includeInIndex = 0; path = OfflineNotesUITests.xctest; sourceTree = BUILT_PRODUCTS_DIR; };
		703BF2E02D338DC80085AB56 /* OfflineNotesUITests.swift */ = {isa = PBXFileReference; lastKnownFileType = sourcecode.swift; path = OfflineNotesUITests.swift; sourceTree = "<group>"; };
		703BF2E22D338DC80085AB56 /* OfflineNotesUITestsLaunchTests.swift */ = {isa = PBXFileReference; lastKnownFileType = sourcecode.swift; path = OfflineNotesUITestsLaunchTests.swift; sourceTree = "<group>"; };
		703BF2F02D3392290085AB56 /* CoreDataManager.swift */ = {isa = PBXFileReference; lastKnownFileType = sourcecode.swift; path = CoreDataManager.swift; sourceTree = "<group>"; };
		703BF2F32D3392700085AB56 /* FolderViewModel.swift */ = {isa = PBXFileReference; lastKnownFileType = sourcecode.swift; path = FolderViewModel.swift; sourceTree = "<group>"; };
		703BF2F62D3393810085AB56 /* FolderListView.swift */ = {isa = PBXFileReference; lastKnownFileType = sourcecode.swift; path = FolderListView.swift; sourceTree = "<group>"; };
		703BF2F82D3393B00085AB56 /* AddFolderView.swift */ = {isa = PBXFileReference; lastKnownFileType = sourcecode.swift; path = AddFolderView.swift; sourceTree = "<group>"; };
		703BF2FA2D3394810085AB56 /* FolderDetailView.swift */ = {isa = PBXFileReference; lastKnownFileType = sourcecode.swift; path = FolderDetailView.swift; sourceTree = "<group>"; };
		703BF2FC2D3394D20085AB56 /* FileViewModel.swift */ = {isa = PBXFileReference; lastKnownFileType = sourcecode.swift; path = FileViewModel.swift; sourceTree = "<group>"; };
		703BF2FF2D3395190085AB56 /* FilePicker.swift */ = {isa = PBXFileReference; lastKnownFileType = sourcecode.swift; path = FilePicker.swift; sourceTree = "<group>"; };
		703BF3012D33953D0085AB56 /* PhotoPicker.swift */ = {isa = PBXFileReference; lastKnownFileType = sourcecode.swift; path = PhotoPicker.swift; sourceTree = "<group>"; };
/* End PBXFileReference section */

/* Begin PBXFrameworksBuildPhase section */
		703BF2B92D338DC40085AB56 /* Frameworks */ = {
			isa = PBXFrameworksBuildPhase;
			buildActionMask = 2147483647;
			files = (
			);
			runOnlyForDeploymentPostprocessing = 0;
		};
		703BF2CF2D338DC80085AB56 /* Frameworks */ = {
			isa = PBXFrameworksBuildPhase;
			buildActionMask = 2147483647;
			files = (
			);
			runOnlyForDeploymentPostprocessing = 0;
		};
		703BF2D92D338DC80085AB56 /* Frameworks */ = {
			isa = PBXFrameworksBuildPhase;
			buildActionMask = 2147483647;
			files = (
			);
			runOnlyForDeploymentPostprocessing = 0;
		};
/* End PBXFrameworksBuildPhase section */

/* Begin PBXGroup section */
		6EBF221A2D36BFE400EE9037 /* Extension */ = {
			isa = PBXGroup;
			children = (
				6EBF221D2D36C06800EE9037 /* String.swift */,
				6EBF221B2D36BFF300EE9037 /* Color.swift */,
			);
			path = Extension;
			sourceTree = "<group>";
		};
		6EBF22212D36D5F900EE9037 /* Utils */ = {
			isa = PBXGroup;
			children = (
				6EBF22222D36D61300EE9037 /* GenerateFile.swift */,
			);
			path = Utils;
			sourceTree = "<group>";
		};
		6EBF22242D36D65C00EE9037 /* App */ = {
			isa = PBXGroup;
			children = (
				703BF2BF2D338DC40085AB56 /* OfflineNotesApp.swift */,
			);
			path = App;
			sourceTree = "<group>";
		};
		6EBF22252D36D67500EE9037 /* DataBase */ = {
			isa = PBXGroup;
			children = (
				703BF2C32D338DC40085AB56 /* OfflineNotes.xcdatamodeld */,
				703BF2C12D338DC40085AB56 /* Persistence.swift */,
			);
			path = DataBase;
			sourceTree = "<group>";
		};
		6EBF22262D36D6B700EE9037 /* Assets */ = {
			isa = PBXGroup;
			children = (
				703BF2C82D338DC70085AB56 /* Assets.xcassets */,
			);
			path = Assets;
			sourceTree = "<group>";
		};
		703BF2B32D338DC40085AB56 = {
			isa = PBXGroup;
			children = (
				703BF2BE2D338DC40085AB56 /* OfflineNotes */,
				703BF2D52D338DC80085AB56 /* OfflineNotesTests */,
				703BF2DF2D338DC80085AB56 /* OfflineNotesUITests */,
				703BF2BD2D338DC40085AB56 /* Products */,
			);
			sourceTree = "<group>";
		};
		703BF2BD2D338DC40085AB56 /* Products */ = {
			isa = PBXGroup;
			children = (
				703BF2BC2D338DC40085AB56 /* OfflineNotes.app */,
				703BF2D22D338DC80085AB56 /* OfflineNotesTests.xctest */,
				703BF2DC2D338DC80085AB56 /* OfflineNotesUITests.xctest */,
			);
			name = Products;
			sourceTree = "<group>";
		};
		703BF2BE2D338DC40085AB56 /* OfflineNotes */ = {
			isa = PBXGroup;
			children = (
				6EBF22242D36D65C00EE9037 /* App */,
				703BF2F52D3393720085AB56 /* View */,
				703BF2F22D33924C0085AB56 /* ViewModel */,
				703BF2EF2D3392200085AB56 /* CoreDataManager */,
				703BF2FE2D3395010085AB56 /* ViewRepresentable */,
				6EBF22212D36D5F900EE9037 /* Utils */,
				6EBF221A2D36BFE400EE9037 /* Extension */,
				6EBF22252D36D67500EE9037 /* DataBase */,
				6EBF22262D36D6B700EE9037 /* Assets */,
				703BF2CA2D338DC70085AB56 /* OfflineNotes.entitlements */,
				703BF2CB2D338DC70085AB56 /* Preview Content */,
			);
			path = OfflineNotes;
			sourceTree = "<group>";
		};
		703BF2CB2D338DC70085AB56 /* Preview Content */ = {
			isa = PBXGroup;
			children = (
				703BF2CC2D338DC70085AB56 /* Preview Assets.xcassets */,
			);
			path = "Preview Content";
			sourceTree = "<group>";
		};
		703BF2D52D338DC80085AB56 /* OfflineNotesTests */ = {
			isa = PBXGroup;
			children = (
				703BF2D62D338DC80085AB56 /* OfflineNotesTests.swift */,
			);
			path = OfflineNotesTests;
			sourceTree = "<group>";
		};
		703BF2DF2D338DC80085AB56 /* OfflineNotesUITests */ = {
			isa = PBXGroup;
			children = (
				703BF2E02D338DC80085AB56 /* OfflineNotesUITests.swift */,
				703BF2E22D338DC80085AB56 /* OfflineNotesUITestsLaunchTests.swift */,
			);
			path = OfflineNotesUITests;
			sourceTree = "<group>";
		};
		703BF2EF2D3392200085AB56 /* CoreDataManager */ = {
			isa = PBXGroup;
			children = (
				703BF2F02D3392290085AB56 /* CoreDataManager.swift */,
			);
			path = CoreDataManager;
			sourceTree = "<group>";
		};
		703BF2F22D33924C0085AB56 /* ViewModel */ = {
			isa = PBXGroup;
			children = (
				703BF2F32D3392700085AB56 /* FolderViewModel.swift */,
				703BF2FC2D3394D20085AB56 /* FileViewModel.swift */,
			);
			path = ViewModel;
			sourceTree = "<group>";
		};
		703BF2F52D3393720085AB56 /* View */ = {
			isa = PBXGroup;
			children = (
				703BF2F62D3393810085AB56 /* FolderListView.swift */,
				703BF2F82D3393B00085AB56 /* AddFolderView.swift */,
				703BF2FA2D3394810085AB56 /* FolderDetailView.swift */,
				6EBF221F2D36D5C900EE9037 /* FileThumbnailView.swift */,
			);
			path = View;
			sourceTree = "<group>";
		};
		703BF2FE2D3395010085AB56 /* ViewRepresentable */ = {
			isa = PBXGroup;
			children = (
				703BF2FF2D3395190085AB56 /* FilePicker.swift */,
				703BF3012D33953D0085AB56 /* PhotoPicker.swift */,
			);
			path = ViewRepresentable;
			sourceTree = "<group>";
		};
/* End PBXGroup section */

/* Begin PBXNativeTarget section */
		703BF2BB2D338DC40085AB56 /* OfflineNotes */ = {
			isa = PBXNativeTarget;
			buildConfigurationList = 703BF2E62D338DC80085AB56 /* Build configuration list for PBXNativeTarget "OfflineNotes" */;
			buildPhases = (
				703BF2B82D338DC40085AB56 /* Sources */,
				703BF2B92D338DC40085AB56 /* Frameworks */,
				703BF2BA2D338DC40085AB56 /* Resources */,
			);
			buildRules = (
			);
			dependencies = (
			);
			name = OfflineNotes;
			productName = OfflineNotes;
			productReference = 703BF2BC2D338DC40085AB56 /* OfflineNotes.app */;
			productType = "com.apple.product-type.application";
		};
		703BF2D12D338DC80085AB56 /* OfflineNotesTests */ = {
			isa = PBXNativeTarget;
			buildConfigurationList = 703BF2E92D338DC80085AB56 /* Build configuration list for PBXNativeTarget "OfflineNotesTests" */;
			buildPhases = (
				703BF2CE2D338DC80085AB56 /* Sources */,
				703BF2CF2D338DC80085AB56 /* Frameworks */,
				703BF2D02D338DC80085AB56 /* Resources */,
			);
			buildRules = (
			);
			dependencies = (
				703BF2D42D338DC80085AB56 /* PBXTargetDependency */,
			);
			name = OfflineNotesTests;
			productName = OfflineNotesTests;
			productReference = 703BF2D22D338DC80085AB56 /* OfflineNotesTests.xctest */;
			productType = "com.apple.product-type.bundle.unit-test";
		};
		703BF2DB2D338DC80085AB56 /* OfflineNotesUITests */ = {
			isa = PBXNativeTarget;
			buildConfigurationList = 703BF2EC2D338DC80085AB56 /* Build configuration list for PBXNativeTarget "OfflineNotesUITests" */;
			buildPhases = (
				703BF2D82D338DC80085AB56 /* Sources */,
				703BF2D92D338DC80085AB56 /* Frameworks */,
				703BF2DA2D338DC80085AB56 /* Resources */,
			);
			buildRules = (
			);
			dependencies = (
				703BF2DE2D338DC80085AB56 /* PBXTargetDependency */,
			);
			name = OfflineNotesUITests;
			productName = OfflineNotesUITests;
			productReference = 703BF2DC2D338DC80085AB56 /* OfflineNotesUITests.xctest */;
			productType = "com.apple.product-type.bundle.ui-testing";
		};
/* End PBXNativeTarget section */

/* Begin PBXProject section */
		703BF2B42D338DC40085AB56 /* Project object */ = {
			isa = PBXProject;
			attributes = {
				BuildIndependentTargetsInParallel = 1;
				LastSwiftUpdateCheck = 1420;
				LastUpgradeCheck = 1420;
				TargetAttributes = {
					703BF2BB2D338DC40085AB56 = {
						CreatedOnToolsVersion = 14.2;
					};
					703BF2D12D338DC80085AB56 = {
						CreatedOnToolsVersion = 14.2;
						TestTargetID = 703BF2BB2D338DC40085AB56;
					};
					703BF2DB2D338DC80085AB56 = {
						CreatedOnToolsVersion = 14.2;
						TestTargetID = 703BF2BB2D338DC40085AB56;
					};
				};
			};
			buildConfigurationList = 703BF2B72D338DC40085AB56 /* Build configuration list for PBXProject "OfflineNotes" */;
			compatibilityVersion = "Xcode 14.0";
			developmentRegion = en;
			hasScannedForEncodings = 0;
			knownRegions = (
				en,
				Base,
			);
			mainGroup = 703BF2B32D338DC40085AB56;
			productRefGroup = 703BF2BD2D338DC40085AB56 /* Products */;
			projectDirPath = "";
			projectRoot = "";
			targets = (
				703BF2BB2D338DC40085AB56 /* OfflineNotes */,
				703BF2D12D338DC80085AB56 /* OfflineNotesTests */,
				703BF2DB2D338DC80085AB56 /* OfflineNotesUITests */,
			);
		};
/* End PBXProject section */

/* Begin PBXResourcesBuildPhase section */
		703BF2BA2D338DC40085AB56 /* Resources */ = {
			isa = PBXResourcesBuildPhase;
			buildActionMask = 2147483647;
			files = (
				703BF2CD2D338DC70085AB56 /* Preview Assets.xcassets in Resources */,
				703BF2C92D338DC70085AB56 /* Assets.xcassets in Resources */,
			);
			runOnlyForDeploymentPostprocessing = 0;
		};
		703BF2D02D338DC80085AB56 /* Resources */ = {
			isa = PBXResourcesBuildPhase;
			buildActionMask = 2147483647;
			files = (
			);
			runOnlyForDeploymentPostprocessing = 0;
		};
		703BF2DA2D338DC80085AB56 /* Resources */ = {
			isa = PBXResourcesBuildPhase;
			buildActionMask = 2147483647;
			files = (
			);
			runOnlyForDeploymentPostprocessing = 0;
		};
/* End PBXResourcesBuildPhase section */

/* Begin PBXSourcesBuildPhase section */
		703BF2B82D338DC40085AB56 /* Sources */ = {
			isa = PBXSourcesBuildPhase;
			buildActionMask = 2147483647;
			files = (
				6EBF22272D36D6F800EE9037 /* OfflineNotes.entitlements in Sources */,
				703BF2F42D3392700085AB56 /* FolderViewModel.swift in Sources */,
				703BF2FB2D3394810085AB56 /* FolderDetailView.swift in Sources */,
				703BF2C02D338DC40085AB56 /* OfflineNotesApp.swift in Sources */,
				703BF2C22D338DC40085AB56 /* Persistence.swift in Sources */,
				6EBF221E2D36C06A00EE9037 /* String.swift in Sources */,
				703BF2F12D3392290085AB56 /* CoreDataManager.swift in Sources */,
				703BF2FD2D3394D30085AB56 /* FileViewModel.swift in Sources */,
				6EBF22232D36D61900EE9037 /* GenerateFile.swift in Sources */,
				6EBF22202D36D5C900EE9037 /* FileThumbnailView.swift in Sources */,
				703BF2C52D338DC40085AB56 /* OfflineNotes.xcdatamodeld in Sources */,
				703BF3022D33953D0085AB56 /* PhotoPicker.swift in Sources */,
				703BF3002D3395190085AB56 /* FilePicker.swift in Sources */,
				6EBF221C2D36BFF400EE9037 /* Color.swift in Sources */,
				703BF2F92D3393B00085AB56 /* AddFolderView.swift in Sources */,
				703BF2F72D3393810085AB56 /* FolderListView.swift in Sources */,
			);
			runOnlyForDeploymentPostprocessing = 0;
		};
		703BF2CE2D338DC80085AB56 /* Sources */ = {
			isa = PBXSourcesBuildPhase;
			buildActionMask = 2147483647;
			files = (
				703BF2D72D338DC80085AB56 /* OfflineNotesTests.swift in Sources */,
			);
			runOnlyForDeploymentPostprocessing = 0;
		};
		703BF2D82D338DC80085AB56 /* Sources */ = {
			isa = PBXSourcesBuildPhase;
			buildActionMask = 2147483647;
			files = (
				703BF2E32D338DC80085AB56 /* OfflineNotesUITestsLaunchTests.swift in Sources */,
				703BF2E12D338DC80085AB56 /* OfflineNotesUITests.swift in Sources */,
			);
			runOnlyForDeploymentPostprocessing = 0;
		};
/* End PBXSourcesBuildPhase section */

/* Begin PBXTargetDependency section */
		703BF2D42D338DC80085AB56 /* PBXTargetDependency */ = {
			isa = PBXTargetDependency;
			target = 703BF2BB2D338DC40085AB56 /* OfflineNotes */;
			targetProxy = 703BF2D32D338DC80085AB56 /* PBXContainerItemProxy */;
		};
		703BF2DE2D338DC80085AB56 /* PBXTargetDependency */ = {
			isa = PBXTargetDependency;
			target = 703BF2BB2D338DC40085AB56 /* OfflineNotes */;
			targetProxy = 703BF2DD2D338DC80085AB56 /* PBXContainerItemProxy */;
		};
/* End PBXTargetDependency section */

/* Begin XCBuildConfiguration section */
		703BF2E42D338DC80085AB56 /* Debug */ = {
			isa = XCBuildConfiguration;
			buildSettings = {
				ALWAYS_SEARCH_USER_PATHS = NO;
				CLANG_ANALYZER_NONNULL = YES;
				CLANG_ANALYZER_NUMBER_OBJECT_CONVERSION = YES_AGGRESSIVE;
				CLANG_CXX_LANGUAGE_STANDARD = "gnu++20";
				CLANG_ENABLE_MODULES = YES;
				CLANG_ENABLE_OBJC_ARC = YES;
				CLANG_ENABLE_OBJC_WEAK = YES;
				CLANG_WARN_BLOCK_CAPTURE_AUTORELEASING = YES;
				CLANG_WARN_BOOL_CONVERSION = YES;
				CLANG_WARN_COMMA = YES;
				CLANG_WARN_CONSTANT_CONVERSION = YES;
				CLANG_WARN_DEPRECATED_OBJC_IMPLEMENTATIONS = YES;
				CLANG_WARN_DIRECT_OBJC_ISA_USAGE = YES_ERROR;
				CLANG_WARN_DOCUMENTATION_COMMENTS = YES;
				CLANG_WARN_EMPTY_BODY = YES;
				CLANG_WARN_ENUM_CONVERSION = YES;
				CLANG_WARN_INFINITE_RECURSION = YES;
				CLANG_WARN_INT_CONVERSION = YES;
				CLANG_WARN_NON_LITERAL_NULL_CONVERSION = YES;
				CLANG_WARN_OBJC_IMPLICIT_RETAIN_SELF = YES;
				CLANG_WARN_OBJC_LITERAL_CONVERSION = YES;
				CLANG_WARN_OBJC_ROOT_CLASS = YES_ERROR;
				CLANG_WARN_QUOTED_INCLUDE_IN_FRAMEWORK_HEADER = YES;
				CLANG_WARN_RANGE_LOOP_ANALYSIS = YES;
				CLANG_WARN_STRICT_PROTOTYPES = YES;
				CLANG_WARN_SUSPICIOUS_MOVE = YES;
				CLANG_WARN_UNGUARDED_AVAILABILITY = YES_AGGRESSIVE;
				CLANG_WARN_UNREACHABLE_CODE = YES;
				CLANG_WARN__DUPLICATE_METHOD_MATCH = YES;
				COPY_PHASE_STRIP = NO;
				DEBUG_INFORMATION_FORMAT = dwarf;
				ENABLE_STRICT_OBJC_MSGSEND = YES;
				ENABLE_TESTABILITY = YES;
				GCC_C_LANGUAGE_STANDARD = gnu11;
				GCC_DYNAMIC_NO_PIC = NO;
				GCC_NO_COMMON_BLOCKS = YES;
				GCC_OPTIMIZATION_LEVEL = 0;
				GCC_PREPROCESSOR_DEFINITIONS = (
					"DEBUG=1",
					"$(inherited)",
				);
				GCC_WARN_64_TO_32_BIT_CONVERSION = YES;
				GCC_WARN_ABOUT_RETURN_TYPE = YES_ERROR;
				GCC_WARN_UNDECLARED_SELECTOR = YES;
				GCC_WARN_UNINITIALIZED_AUTOS = YES_AGGRESSIVE;
				GCC_WARN_UNUSED_FUNCTION = YES;
				GCC_WARN_UNUSED_VARIABLE = YES;
				MTL_ENABLE_DEBUG_INFO = INCLUDE_SOURCE;
				MTL_FAST_MATH = YES;
				ONLY_ACTIVE_ARCH = YES;
				SWIFT_ACTIVE_COMPILATION_CONDITIONS = DEBUG;
				SWIFT_OPTIMIZATION_LEVEL = "-Onone";
			};
			name = Debug;
		};
		703BF2E52D338DC80085AB56 /* Release */ = {
			isa = XCBuildConfiguration;
			buildSettings = {
				ALWAYS_SEARCH_USER_PATHS = NO;
				CLANG_ANALYZER_NONNULL = YES;
				CLANG_ANALYZER_NUMBER_OBJECT_CONVERSION = YES_AGGRESSIVE;
				CLANG_CXX_LANGUAGE_STANDARD = "gnu++20";
				CLANG_ENABLE_MODULES = YES;
				CLANG_ENABLE_OBJC_ARC = YES;
				CLANG_ENABLE_OBJC_WEAK = YES;
				CLANG_WARN_BLOCK_CAPTURE_AUTORELEASING = YES;
				CLANG_WARN_BOOL_CONVERSION = YES;
				CLANG_WARN_COMMA = YES;
				CLANG_WARN_CONSTANT_CONVERSION = YES;
				CLANG_WARN_DEPRECATED_OBJC_IMPLEMENTATIONS = YES;
				CLANG_WARN_DIRECT_OBJC_ISA_USAGE = YES_ERROR;
				CLANG_WARN_DOCUMENTATION_COMMENTS = YES;
				CLANG_WARN_EMPTY_BODY = YES;
				CLANG_WARN_ENUM_CONVERSION = YES;
				CLANG_WARN_INFINITE_RECURSION = YES;
				CLANG_WARN_INT_CONVERSION = YES;
				CLANG_WARN_NON_LITERAL_NULL_CONVERSION = YES;
				CLANG_WARN_OBJC_IMPLICIT_RETAIN_SELF = YES;
				CLANG_WARN_OBJC_LITERAL_CONVERSION = YES;
				CLANG_WARN_OBJC_ROOT_CLASS = YES_ERROR;
				CLANG_WARN_QUOTED_INCLUDE_IN_FRAMEWORK_HEADER = YES;
				CLANG_WARN_RANGE_LOOP_ANALYSIS = YES;
				CLANG_WARN_STRICT_PROTOTYPES = YES;
				CLANG_WARN_SUSPICIOUS_MOVE = YES;
				CLANG_WARN_UNGUARDED_AVAILABILITY = YES_AGGRESSIVE;
				CLANG_WARN_UNREACHABLE_CODE = YES;
				CLANG_WARN__DUPLICATE_METHOD_MATCH = YES;
				COPY_PHASE_STRIP = NO;
				DEBUG_INFORMATION_FORMAT = "dwarf-with-dsym";
				ENABLE_NS_ASSERTIONS = NO;
				ENABLE_STRICT_OBJC_MSGSEND = YES;
				GCC_C_LANGUAGE_STANDARD = gnu11;
				GCC_NO_COMMON_BLOCKS = YES;
				GCC_WARN_64_TO_32_BIT_CONVERSION = YES;
				GCC_WARN_ABOUT_RETURN_TYPE = YES_ERROR;
				GCC_WARN_UNDECLARED_SELECTOR = YES;
				GCC_WARN_UNINITIALIZED_AUTOS = YES_AGGRESSIVE;
				GCC_WARN_UNUSED_FUNCTION = YES;
				GCC_WARN_UNUSED_VARIABLE = YES;
				MTL_ENABLE_DEBUG_INFO = NO;
				MTL_FAST_MATH = YES;
				SWIFT_COMPILATION_MODE = wholemodule;
				SWIFT_OPTIMIZATION_LEVEL = "-O";
			};
			name = Release;
		};
		703BF2E72D338DC80085AB56 /* Debug */ = {
			isa = XCBuildConfiguration;
			buildSettings = {
				ASSETCATALOG_COMPILER_APPICON_NAME = AppIcon;
				ASSETCATALOG_COMPILER_GLOBAL_ACCENT_COLOR_NAME = AccentColor;
				CODE_SIGN_ENTITLEMENTS = OfflineNotes/OfflineNotes.entitlements;
				CODE_SIGN_STYLE = Automatic;
				CURRENT_PROJECT_VERSION = 1;
				DEVELOPMENT_ASSET_PATHS = "\"OfflineNotes/Preview Content\"";
				ENABLE_PREVIEWS = YES;
				GENERATE_INFOPLIST_FILE = YES;
				INFOPLIST_KEY_NSPhotoLibraryAddUsageDescription = "We need access to save images to your library.";
				INFOPLIST_KEY_NSPhotoLibraryUsageDescription = "We need access to your photo library to pick images.";
				"INFOPLIST_KEY_UIApplicationSceneManifest_Generation[sdk=iphoneos*]" = YES;
				"INFOPLIST_KEY_UIApplicationSceneManifest_Generation[sdk=iphonesimulator*]" = YES;
				"INFOPLIST_KEY_UIApplicationSupportsIndirectInputEvents[sdk=iphoneos*]" = YES;
				"INFOPLIST_KEY_UIApplicationSupportsIndirectInputEvents[sdk=iphonesimulator*]" = YES;
				"INFOPLIST_KEY_UILaunchScreen_Generation[sdk=iphoneos*]" = YES;
				"INFOPLIST_KEY_UILaunchScreen_Generation[sdk=iphonesimulator*]" = YES;
				"INFOPLIST_KEY_UIStatusBarStyle[sdk=iphoneos*]" = UIStatusBarStyleDefault;
				"INFOPLIST_KEY_UIStatusBarStyle[sdk=iphonesimulator*]" = UIStatusBarStyleDefault;
				INFOPLIST_KEY_UISupportedInterfaceOrientations = "UIInterfaceOrientationLandscapeLeft UIInterfaceOrientationLandscapeRight UIInterfaceOrientationPortrait UIInterfaceOrientationPortraitUpsideDown";
				IPHONEOS_DEPLOYMENT_TARGET = 16.2;
				LD_RUNPATH_SEARCH_PATHS = "@executable_path/Frameworks";
				"LD_RUNPATH_SEARCH_PATHS[sdk=macosx*]" = "@executable_path/../Frameworks";
				MACOSX_DEPLOYMENT_TARGET = 12.7;
				MARKETING_VERSION = 1.0;
				PRODUCT_BUNDLE_IDENTIFIER = com.OfflineNotes.OfflineNotes;
				PRODUCT_NAME = "$(TARGET_NAME)";
				SDKROOT = auto;
				SUPPORTED_PLATFORMS = "iphoneos iphonesimulator";
				SUPPORTS_MACCATALYST = NO;
				SUPPORTS_MAC_DESIGNED_FOR_IPHONE_IPAD = NO;
				SWIFT_EMIT_LOC_STRINGS = YES;
				SWIFT_VERSION = 5.0;
				TARGETED_DEVICE_FAMILY = "1,2";
			};
			name = Debug;
		};
		703BF2E82D338DC80085AB56 /* Release */ = {
			isa = XCBuildConfiguration;
			buildSettings = {
				ASSETCATALOG_COMPILER_APPICON_NAME = AppIcon;
				ASSETCATALOG_COMPILER_GLOBAL_ACCENT_COLOR_NAME = AccentColor;
				CODE_SIGN_ENTITLEMENTS = OfflineNotes/OfflineNotes.entitlements;
				CODE_SIGN_STYLE = Automatic;
				CURRENT_PROJECT_VERSION = 1;
				DEVELOPMENT_ASSET_PATHS = "\"OfflineNotes/Preview Content\"";
				ENABLE_PREVIEWS = YES;
				GENERATE_INFOPLIST_FILE = YES;
				INFOPLIST_KEY_NSPhotoLibraryAddUsageDescription = "We need access to save images to your library.";
				INFOPLIST_KEY_NSPhotoLibraryUsageDescription = "We need access to your photo library to pick images.";
				"INFOPLIST_KEY_UIApplicationSceneManifest_Generation[sdk=iphoneos*]" = YES;
				"INFOPLIST_KEY_UIApplicationSceneManifest_Generation[sdk=iphonesimulator*]" = YES;
				"INFOPLIST_KEY_UIApplicationSupportsIndirectInputEvents[sdk=iphoneos*]" = YES;
				"INFOPLIST_KEY_UIApplicationSupportsIndirectInputEvents[sdk=iphonesimulator*]" = YES;
				"INFOPLIST_KEY_UILaunchScreen_Generation[sdk=iphoneos*]" = YES;
				"INFOPLIST_KEY_UILaunchScreen_Generation[sdk=iphonesimulator*]" = YES;
				"INFOPLIST_KEY_UIStatusBarStyle[sdk=iphoneos*]" = UIStatusBarStyleDefault;
				"INFOPLIST_KEY_UIStatusBarStyle[sdk=iphonesimulator*]" = UIStatusBarStyleDefault;
				INFOPLIST_KEY_UISupportedInterfaceOrientations = "UIInterfaceOrientationLandscapeLeft UIInterfaceOrientationLandscapeRight UIInterfaceOrientationPortrait UIInterfaceOrientationPortraitUpsideDown";
				IPHONEOS_DEPLOYMENT_TARGET = 16.2;
				LD_RUNPATH_SEARCH_PATHS = "@executable_path/Frameworks";
				"LD_RUNPATH_SEARCH_PATHS[sdk=macosx*]" = "@executable_path/../Frameworks";
				MACOSX_DEPLOYMENT_TARGET = 12.7;
				MARKETING_VERSION = 1.0;
				PRODUCT_BUNDLE_IDENTIFIER = com.OfflineNotes.OfflineNotes;
				PRODUCT_NAME = "$(TARGET_NAME)";
				SDKROOT = auto;
				SUPPORTED_PLATFORMS = "iphoneos iphonesimulator";
				SUPPORTS_MACCATALYST = NO;
				SUPPORTS_MAC_DESIGNED_FOR_IPHONE_IPAD = NO;
				SWIFT_EMIT_LOC_STRINGS = YES;
				SWIFT_VERSION = 5.0;
				TARGETED_DEVICE_FAMILY = "1,2";
			};
			name = Release;
		};
		703BF2EA2D338DC80085AB56 /* Debug */ = {
			isa = XCBuildConfiguration;
			buildSettings = {
				ALWAYS_EMBED_SWIFT_STANDARD_LIBRARIES = YES;
				BUNDLE_LOADER = "$(TEST_HOST)";
				CODE_SIGN_STYLE = Automatic;
				CURRENT_PROJECT_VERSION = 1;
				GENERATE_INFOPLIST_FILE = YES;
				IPHONEOS_DEPLOYMENT_TARGET = 16.2;
				MACOSX_DEPLOYMENT_TARGET = 12.7;
				MARKETING_VERSION = 1.0;
				PRODUCT_BUNDLE_IDENTIFIER = com.OfflineNotes.OfflineNotesTests;
				PRODUCT_NAME = "$(TARGET_NAME)";
				SDKROOT = auto;
				SUPPORTED_PLATFORMS = "iphoneos iphonesimulator macosx";
				SWIFT_EMIT_LOC_STRINGS = NO;
				SWIFT_VERSION = 5.0;
				TARGETED_DEVICE_FAMILY = "1,2";
				TEST_HOST = "$(BUILT_PRODUCTS_DIR)/OfflineNotes.app/$(BUNDLE_EXECUTABLE_FOLDER_PATH)/OfflineNotes";
			};
			name = Debug;
		};
		703BF2EB2D338DC80085AB56 /* Release */ = {
			isa = XCBuildConfiguration;
			buildSettings = {
				ALWAYS_EMBED_SWIFT_STANDARD_LIBRARIES = YES;
				BUNDLE_LOADER = "$(TEST_HOST)";
				CODE_SIGN_STYLE = Automatic;
				CURRENT_PROJECT_VERSION = 1;
				GENERATE_INFOPLIST_FILE = YES;
				IPHONEOS_DEPLOYMENT_TARGET = 16.2;
				MACOSX_DEPLOYMENT_TARGET = 12.7;
				MARKETING_VERSION = 1.0;
				PRODUCT_BUNDLE_IDENTIFIER = com.OfflineNotes.OfflineNotesTests;
				PRODUCT_NAME = "$(TARGET_NAME)";
				SDKROOT = auto;
				SUPPORTED_PLATFORMS = "iphoneos iphonesimulator macosx";
				SWIFT_EMIT_LOC_STRINGS = NO;
				SWIFT_VERSION = 5.0;
				TARGETED_DEVICE_FAMILY = "1,2";
				TEST_HOST = "$(BUILT_PRODUCTS_DIR)/OfflineNotes.app/$(BUNDLE_EXECUTABLE_FOLDER_PATH)/OfflineNotes";
			};
			name = Release;
		};
		703BF2ED2D338DC80085AB56 /* Debug */ = {
			isa = XCBuildConfiguration;
			buildSettings = {
				ALWAYS_EMBED_SWIFT_STANDARD_LIBRARIES = YES;
				CODE_SIGN_STYLE = Automatic;
				CURRENT_PROJECT_VERSION = 1;
				GENERATE_INFOPLIST_FILE = YES;
				IPHONEOS_DEPLOYMENT_TARGET = 16.2;
				MACOSX_DEPLOYMENT_TARGET = 12.7;
				MARKETING_VERSION = 1.0;
				PRODUCT_BUNDLE_IDENTIFIER = com.OfflineNotes.OfflineNotesUITests;
				PRODUCT_NAME = "$(TARGET_NAME)";
				SDKROOT = auto;
				SUPPORTED_PLATFORMS = "iphoneos iphonesimulator macosx";
				SWIFT_EMIT_LOC_STRINGS = NO;
				SWIFT_VERSION = 5.0;
				TARGETED_DEVICE_FAMILY = "1,2";
				TEST_TARGET_NAME = OfflineNotes;
			};
			name = Debug;
		};
		703BF2EE2D338DC80085AB56 /* Release */ = {
			isa = XCBuildConfiguration;
			buildSettings = {
				ALWAYS_EMBED_SWIFT_STANDARD_LIBRARIES = YES;
				CODE_SIGN_STYLE = Automatic;
				CURRENT_PROJECT_VERSION = 1;
				GENERATE_INFOPLIST_FILE = YES;
				IPHONEOS_DEPLOYMENT_TARGET = 16.2;
				MACOSX_DEPLOYMENT_TARGET = 12.7;
				MARKETING_VERSION = 1.0;
				PRODUCT_BUNDLE_IDENTIFIER = com.OfflineNotes.OfflineNotesUITests;
				PRODUCT_NAME = "$(TARGET_NAME)";
				SDKROOT = auto;
				SUPPORTED_PLATFORMS = "iphoneos iphonesimulator macosx";
				SWIFT_EMIT_LOC_STRINGS = NO;
				SWIFT_VERSION = 5.0;
				TARGETED_DEVICE_FAMILY = "1,2";
				TEST_TARGET_NAME = OfflineNotes;
			};
			name = Release;
		};
/* End XCBuildConfiguration section */

/* Begin XCConfigurationList section */
		703BF2B72D338DC40085AB56 /* Build configuration list for PBXProject "OfflineNotes" */ = {
			isa = XCConfigurationList;
			buildConfigurations = (
				703BF2E42D338DC80085AB56 /* Debug */,
				703BF2E52D338DC80085AB56 /* Release */,
			);
			defaultConfigurationIsVisible = 0;
			defaultConfigurationName = Release;
		};
		703BF2E62D338DC80085AB56 /* Build configuration list for PBXNativeTarget "OfflineNotes" */ = {
			isa = XCConfigurationList;
			buildConfigurations = (
				703BF2E72D338DC80085AB56 /* Debug */,
				703BF2E82D338DC80085AB56 /* Release */,
			);
			defaultConfigurationIsVisible = 0;
			defaultConfigurationName = Release;
		};
		703BF2E92D338DC80085AB56 /* Build configuration list for PBXNativeTarget "OfflineNotesTests" */ = {
			isa = XCConfigurationList;
			buildConfigurations = (
				703BF2EA2D338DC80085AB56 /* Debug */,
				703BF2EB2D338DC80085AB56 /* Release */,
			);
			defaultConfigurationIsVisible = 0;
			defaultConfigurationName = Release;
		};
		703BF2EC2D338DC80085AB56 /* Build configuration list for PBXNativeTarget "OfflineNotesUITests" */ = {
			isa = XCConfigurationList;
			buildConfigurations = (
				703BF2ED2D338DC80085AB56 /* Debug */,
				703BF2EE2D338DC80085AB56 /* Release */,
			);
			defaultConfigurationIsVisible = 0;
			defaultConfigurationName = Release;
		};
/* End XCConfigurationList section */

/* Begin XCVersionGroup section */
		703BF2C32D338DC40085AB56 /* OfflineNotes.xcdatamodeld */ = {
			isa = XCVersionGroup;
			children = (
				703BF2C42D338DC40085AB56 /* OfflineNotes.xcdatamodel */,
			);
			currentVersion = 703BF2C42D338DC40085AB56 /* OfflineNotes.xcdatamodel */;
			path = OfflineNotes.xcdatamodeld;
			sourceTree = "<group>";
			versionGroupType = wrapper.xcdatamodel;
		};
/* End XCVersionGroup section */
	};
	rootObject = 703BF2B42D338DC40085AB56 /* Project object */;
}
